Microsoft Visual Studio Solution File, Format Version 12.00
# Visual Studio Version 17
VisualStudioVersion = 17.5.2.0
MinimumVisualStudioVersion = 10.0.40219.1
Project("{FAE04EC0-301F-11D3-BF4B-00C04F79EFBC}") = "buoi8ontap", "buoi8ontap\buoi8ontap.csproj", "{3BEE440C-8186-15DE-0F79-FEB3C060B290}"
EndProject
Global
	GlobalSection(SolutionConfigurationPlatforms) = preSolution
		Debug|Any CPU = Debug|Any CPU
		Release|Any CPU = Release|Any CPU
	EndGlobalSection
	GlobalSection(ProjectConfigurationPlatforms) = postSolution
		{3BEE440C-8186-15DE-0F79-FEB3C060B290}.Debug|Any CPU.ActiveCfg = Debug|Any CPU
		{3BEE440C-8186-15DE-0F79-FEB3C060B290}.Debug|Any CPU.Build.0 = Debug|Any CPU
		{3BEE440C-8186-15DE-0F79-FEB3C060B290}.Release|Any CPU.ActiveCfg = Release|Any CPU
		{3BEE440C-8186-15DE-0F79-FEB3C060B290}.Release|Any CPU.Build.0 = Release|Any CPU
	EndGlobalSection
	GlobalSection(SolutionProperties) = preSolution
		HideSolutionNode = FALSE
	EndGlobalSection
	GlobalSection(ExtensibilityGlobals) = postSolution
		SolutionGuid = {AAE2C561-0C48-4EA4-BA9D-3B456089A105}
	EndGlobalSection
EndGlobal
