Microsoft Visual Studio Solution File, Format Version 12.00
# Visual Studio Version 17
VisualStudioVersion = 17.5.2.0
MinimumVisualStudioVersion = 10.0.40219.1
Project("{FAE04EC0-301F-11D3-BF4B-00C04F79EFBC}") = "buoi4loop", "buoi4loop\buoi4loop.csproj", "{B6A2B4FF-F72F-6D06-4FF8-AC8E6A6A5504}"
EndProject
Global
	GlobalSection(SolutionConfigurationPlatforms) = preSolution
		Debug|Any CPU = Debug|Any CPU
		Release|Any CPU = Release|Any CPU
	EndGlobalSection
	GlobalSection(ProjectConfigurationPlatforms) = postSolution
		{B6A2B4FF-F72F-6D06-4FF8-AC8E6A6A5504}.Debug|Any CPU.ActiveCfg = Debug|Any CPU
		{B6A2B4FF-F72F-6D06-4FF8-AC8E6A6A5504}.Debug|Any CPU.Build.0 = Debug|Any CPU
		{B6A2B4FF-F72F-6D06-4FF8-AC8E6A6A5504}.Release|Any CPU.ActiveCfg = Release|Any CPU
		{B6A2B4FF-F72F-6D06-4FF8-AC8E6A6A5504}.Release|Any CPU.Build.0 = Release|Any CPU
	EndGlobalSection
	GlobalSection(SolutionProperties) = preSolution
		HideSolutionNode = FALSE
	EndGlobalSection
	GlobalSection(ExtensibilityGlobals) = postSolution
		SolutionGuid = {1FE5A1FC-DCD8-4261-AE54-7DB877D5161E}
	EndGlobalSection
EndGlobal
