Microsoft Visual Studio Solution File, Format Version 12.00
# Visual Studio Version 17
VisualStudioVersion = 17.5.2.0
MinimumVisualStudioVersion = 10.0.40219.1
Project("{FAE04EC0-301F-11D3-BF4B-00C04F79EFBC}") = "bt15p2", "bt15p2\bt15p2.csproj", "{A2C1D37A-8D38-6865-0F17-378F86CBC4C1}"
EndProject
Global
	GlobalSection(SolutionConfigurationPlatforms) = preSolution
		Debug|Any CPU = Debug|Any CPU
		Release|Any CPU = Release|Any CPU
	EndGlobalSection
	GlobalSection(ProjectConfigurationPlatforms) = postSolution
		{A2C1D37A-8D38-6865-0F17-378F86CBC4C1}.Debug|Any CPU.ActiveCfg = Debug|Any CPU
		{A2C1D37A-8D38-6865-0F17-378F86CBC4C1}.Debug|Any CPU.Build.0 = Debug|Any CPU
		{A2C1D37A-8D38-6865-0F17-378F86CBC4C1}.Release|Any CPU.ActiveCfg = Release|Any CPU
		{A2C1D37A-8D38-6865-0F17-378F86CBC4C1}.Release|Any CPU.Build.0 = Release|Any CPU
	EndGlobalSection
	GlobalSection(SolutionProperties) = preSolution
		HideSolutionNode = FALSE
	EndGlobalSection
	GlobalSection(ExtensibilityGlobals) = postSolution
		SolutionGuid = {22B1527A-1876-4EEF-8069-C2565FE98772}
	EndGlobalSection
EndGlobal
